
Microsoft Visual Studio Solution File, Format Version 12.00
# Visual Studio Version 17
VisualStudioVersion = 17.12.35707.178 d17.12
MinimumVisualStudioVersion = 10.0.40219.1
Project("{FAE04EC0-301F-11D3-BF4B-00C04F79EFBC}") = "ECF2", "ECF2\ECF2.csproj", "{EC94E992-FFA8-4D85-968E-26CCC47C9E01}"
EndProject
Project("{E53339B2-1760-4266-BCC7-CA923CBCF16C}") = "docker-compose", "docker-compose.dcproj", "{5EE01EB0-CC13-4B22-A069-FED4811AAE89}"
EndProject
Global
	GlobalSection(SolutionConfigurationPlatforms) = preSolution
		Debug|Any CPU = Debug|Any CPU
		Release|Any CPU = Release|Any CPU
	EndGlobalSection
	GlobalSection(ProjectConfigurationPlatforms) = postSolution
		{EC94E992-FFA8-4D85-968E-26CCC47C9E01}.Debug|Any CPU.ActiveCfg = Debug|Any CPU
		{EC94E992-FFA8-4D85-968E-26CCC47C9E01}.Debug|Any CPU.Build.0 = Debug|Any CPU
		{EC94E992-FFA8-4D85-968E-26CCC47C9E01}.Release|Any CPU.ActiveCfg = Release|Any CPU
		{EC94E992-FFA8-4D85-968E-26CCC47C9E01}.Release|Any CPU.Build.0 = Release|Any CPU
		{5EE01EB0-CC13-4B22-A069-FED4811AAE89}.Debug|Any CPU.ActiveCfg = Debug|Any CPU
		{5EE01EB0-CC13-4B22-A069-FED4811AAE89}.Debug|Any CPU.Build.0 = Debug|Any CPU
		{5EE01EB0-CC13-4B22-A069-FED4811AAE89}.Release|Any CPU.ActiveCfg = Release|Any CPU
		{5EE01EB0-CC13-4B22-A069-FED4811AAE89}.Release|Any CPU.Build.0 = Release|Any CPU
	EndGlobalSection
	GlobalSection(SolutionProperties) = preSolution
		HideSolutionNode = FALSE
	EndGlobalSection
EndGlobal
